{
    "_readme": [
        "This file locks the dependencies of your project to a known state",
        "Read more about it at https://getcomposer.org/doc/01-basic-usage.md#installing-dependencies",
        "This file is @generated automatically"
    ],
    "content-hash": "de194ed362755a08dcff371ba0e2c384",
    "packages": [
        {
            "name": "openpsa/ranger",
            "version": "v0.5.8.1",
            "source": {
                "type": "git",
                "url": "https://github.com/flack/ranger.git",
                "reference": "6896106f1a5e74a672beb0fadc41615c8ff6d1bb"
            },
            "dist": {
                "type": "zip",
                "url": "https://api.github.com/repos/flack/ranger/zipball/6896106f1a5e74a672beb0fadc41615c8ff6d1bb",
                "reference": "6896106f1a5e74a672beb0fadc41615c8ff6d1bb",
                "shasum": ""
            },
            "require": {
                "php": ">=7.0",
                "symfony/intl": "~2.6|~3.4|~4.0|~5.0|~6.0|~7.0"
            },
            "require-dev": {
                "phpunit/phpunit": ">=6.5"
            },
            "suggest": {
                "ext-intl": "Needed for usage with other locales than 'en'"
            },
            "type": "library",
            "autoload": {
                "psr-4": {
                    "OpenPsa\\Ranger\\": "src/"
                }
            },
            "notification-url": "https://packagist.org/downloads/",
            "license": [
                "MIT"
            ],
            "authors": [
                {
                    "name": "Andreas Flack",
                    "email": "flack@contentcontrol-berlin.de",
                    "homepage": "http://www.contentcontrol-berlin.de/"
                }
            ],
            "description": "Formatter for date and time ranges with i18n support",
            "keywords": [
                "date range",
                "time range"
            ],
            "support": {
                "issues": "https://github.com/flack/ranger/issues",
                "source": "https://github.com/flack/ranger/tree/v0.5.8.1"
            },
            "time": "2024-03-05T15:44:35+00:00"
        },
        {
            "name": "symfony/deprecation-contracts",
            "version": "v3.5.0",
            "source": {
                "type": "git",
                "url": "https://github.com/symfony/deprecation-contracts.git",
                "reference": "0e0d29ce1f20deffb4ab1b016a7257c4f1e789a1"
            },
            "dist": {
                "type": "zip",
                "url": "https://api.github.com/repos/symfony/deprecation-contracts/zipball/0e0d29ce1f20deffb4ab1b016a7257c4f1e789a1",
                "reference": "0e0d29ce1f20deffb4ab1b016a7257c4f1e789a1",
                "shasum": ""
            },
            "require": {
                "php": ">=8.1"
            },
            "type": "library",
            "extra": {
                "branch-alias": {
                    "dev-main": "3.5-dev"
                },
                "thanks": {
                    "name": "symfony/contracts",
                    "url": "https://github.com/symfony/contracts"
                }
            },
            "autoload": {
                "files": [
                    "function.php"
                ]
            },
            "notification-url": "https://packagist.org/downloads/",
            "license": [
                "MIT"
            ],
            "authors": [
                {
                    "name": "Nicolas Grekas",
                    "email": "p@tchwork.com"
                },
                {
                    "name": "Symfony Community",
                    "homepage": "https://symfony.com/contributors"
                }
            ],
            "description": "A generic function and convention to trigger deprecation notices",
            "homepage": "https://symfony.com",
            "support": {
                "source": "https://github.com/symfony/deprecation-contracts/tree/v3.5.0"
            },
            "funding": [
                {
                    "url": "https://symfony.com/sponsor",
                    "type": "custom"
                },
                {
                    "url": "https://github.com/fabpot",
                    "type": "github"
                },
                {
                    "url": "https://tidelift.com/funding/github/packagist/symfony/symfony",
                    "type": "tidelift"
                }
            ],
            "time": "2024-04-18T09:32:20+00:00"
        },
        {
            "name": "symfony/intl",
            "version": "v7.1.1",
            "source": {
                "type": "git",
                "url": "https://github.com/symfony/intl.git",
                "reference": "66c1ecda092b1130ada2cf5f59dacfd5b6e9c99c"
            },
            "dist": {
                "type": "zip",
                "url": "https://api.github.com/repos/symfony/intl/zipball/66c1ecda092b1130ada2cf5f59dacfd5b6e9c99c",
                "reference": "66c1ecda092b1130ada2cf5f59dacfd5b6e9c99c",
                "shasum": ""
            },
            "require": {
                "php": ">=8.2",
                "symfony/deprecation-contracts": "^2.5|^3"
            },
            "conflict": {
                "symfony/string": "<7.1"
            },
            "require-dev": {
                "symfony/filesystem": "^6.4|^7.0",
                "symfony/var-exporter": "^6.4|^7.0"
            },
            "type": "library",
            "autoload": {
                "psr-4": {
                    "Symfony\\Component\\Intl\\": ""
                },
                "exclude-from-classmap": [
                    "/Tests/",
                    "/Resources/data/"
                ]
            },
            "notification-url": "https://packagist.org/downloads/",
            "license": [
                "MIT"
            ],
            "authors": [
                {
                    "name": "Bernhard Schussek",
                    "email": "bschussek@gmail.com"
                },
                {
                    "name": "Eriksen Costa",
                    "email": "eriksen.costa@infranology.com.br"
                },
                {
                    "name": "Igor Wiedler",
                    "email": "igor@wiedler.ch"
                },
                {
                    "name": "Symfony Community",
                    "homepage": "https://symfony.com/contributors"
                }
            ],
            "description": "Provides access to the localization data of the ICU library",
            "homepage": "https://symfony.com",
            "keywords": [
                "i18n",
                "icu",
                "internationalization",
                "intl",
                "l10n",
                "localization"
            ],
            "support": {
                "source": "https://github.com/symfony/intl/tree/v7.1.1"
            },
            "funding": [
                {
                    "url": "https://symfony.com/sponsor",
                    "type": "custom"
                },
                {
                    "url": "https://github.com/fabpot",
                    "type": "github"
                },
                {
                    "url": "https://tidelift.com/funding/github/packagist/symfony/symfony",
                    "type": "tidelift"
                }
            ],
            "time": "2024-05-31T14:57:53+00:00"
        }
    ],
    "packages-dev": [],
    "aliases": [],
    "minimum-stability": "stable",
    "stability-flags": [],
    "prefer-stable": false,
    "prefer-lowest": false,
    "platform": [],
    "platform-dev": [],
    "plugin-api-version": "2.6.0"
}
